
Microsoft Visual Studio Solution File, Format Version 12.00
# Visual Studio 15
VisualStudioVersion = 15.0.28307.572
MinimumVisualStudioVersion = 10.0.40219.1
Project("{FAE04EC0-301F-11D3-BF4B-00C04F79EFBC}") = "marketingSolutionProgram", "marketingSolutionProgram\marketingSolutionProgram.csproj", "{BE15767B-6735-42AE-ABEB-FFED02EA183F}"
EndProject
Project("{840C416C-B8F3-42BC-B0DD-F6BB14C9F8CB}") = "setup", "setup\setup.aiproj", "{29376883-498C-4228-8AE9-B66BDF10AFF2}"
EndProject
Global
	GlobalSection(SolutionConfigurationPlatforms) = preSolution
		All|Any CPU = All|Any CPU
		Debug|Any CPU = Debug|Any CPU
		Release|Any CPU = Release|Any CPU
	EndGlobalSection
	GlobalSection(ProjectConfigurationPlatforms) = postSolution
		{BE15767B-6735-42AE-ABEB-FFED02EA183F}.All|Any CPU.ActiveCfg = Release|Any CPU
		{BE15767B-6735-42AE-ABEB-FFED02EA183F}.All|Any CPU.Build.0 = Release|Any CPU
		{BE15767B-6735-42AE-ABEB-FFED02EA183F}.Debug|Any CPU.ActiveCfg = Debug|Any CPU
		{BE15767B-6735-42AE-ABEB-FFED02EA183F}.Debug|Any CPU.Build.0 = Debug|Any CPU
		{BE15767B-6735-42AE-ABEB-FFED02EA183F}.Release|Any CPU.ActiveCfg = Release|Any CPU
		{BE15767B-6735-42AE-ABEB-FFED02EA183F}.Release|Any CPU.Build.0 = Release|Any CPU
		{29376883-498C-4228-8AE9-B66BDF10AFF2}.All|Any CPU.ActiveCfg = DefaultBuild
		{29376883-498C-4228-8AE9-B66BDF10AFF2}.All|Any CPU.Build.0 = DefaultBuild
		{29376883-498C-4228-8AE9-B66BDF10AFF2}.Debug|Any CPU.ActiveCfg = DefaultBuild
		{29376883-498C-4228-8AE9-B66BDF10AFF2}.Debug|Any CPU.Build.0 = DefaultBuild
		{29376883-498C-4228-8AE9-B66BDF10AFF2}.Release|Any CPU.ActiveCfg = DefaultBuild
		{29376883-498C-4228-8AE9-B66BDF10AFF2}.Release|Any CPU.Build.0 = DefaultBuild
	EndGlobalSection
	GlobalSection(SolutionProperties) = preSolution
		HideSolutionNode = FALSE
	EndGlobalSection
	GlobalSection(ExtensibilityGlobals) = postSolution
		SolutionGuid = {C380557A-9B9F-4733-B430-F7E54C2784D4}
	EndGlobalSection
EndGlobal
